
Microsoft Visual Studio Solution File, Format Version 10.00
# Visual C++ Express 2008
Project("{8BC9CEB8-8B4A-11D0-8D11-00A0C91BC942}") = "winquake", "WinQuake.vcproj", "{B5E07AD1-85D1-4AFF-BDDB-F3479D6F533B}"
EndProject
Global
	GlobalSection(SolutionConfigurationPlatforms) = preSolution
		Debug|Win32 = Debug|Win32
		GL Debug|Win32 = GL Debug|Win32
		GL Release|Win32 = GL Release|Win32
		Release|Win32 = Release|Win32
	EndGlobalSection
	GlobalSection(ProjectConfigurationPlatforms) = postSolution
		{B5E07AD1-85D1-4AFF-BDDB-F3479D6F533B}.Debug|Win32.ActiveCfg = Debug|Win32
		{B5E07AD1-85D1-4AFF-BDDB-F3479D6F533B}.Debug|Win32.Build.0 = Debug|Win32
		{B5E07AD1-85D1-4AFF-BDDB-F3479D6F533B}.GL Debug|Win32.ActiveCfg = GL Debug|Win32
		{B5E07AD1-85D1-4AFF-BDDB-F3479D6F533B}.GL Debug|Win32.Build.0 = GL Debug|Win32
		{B5E07AD1-85D1-4AFF-BDDB-F3479D6F533B}.GL Release|Win32.ActiveCfg = GL Release|Win32
		{B5E07AD1-85D1-4AFF-BDDB-F3479D6F533B}.GL Release|Win32.Build.0 = GL Release|Win32
		{B5E07AD1-85D1-4AFF-BDDB-F3479D6F533B}.Release|Win32.ActiveCfg = Release|Win32
		{B5E07AD1-85D1-4AFF-BDDB-F3479D6F533B}.Release|Win32.Build.0 = Release|Win32
	EndGlobalSection
	GlobalSection(SolutionProperties) = preSolution
		HideSolutionNode = FALSE
	EndGlobalSection
EndGlobal
